
Microsoft Visual Studio Solution File, Format Version 12.00
# Visual Studio Version 17
VisualStudioVersion = 17.12.35506.116
MinimumVisualStudioVersion = 10.0.40219.1
Project("{2150E333-8FDC-42A3-9474-1A3956D46DE8}") = "Services", "Services", "{316FB2CD-5C41-4808-94C9-60F420C115F8}"
EndProject
Project("{2150E333-8FDC-42A3-9474-1A3956D46DE8}") = "Catalog", "Catalog", "{B885BF4B-00D2-44D8-B078-38A5AB2882C5}"
EndProject
Project("{FAE04EC0-301F-11D3-BF4B-00C04F79EFBC}") = "Catalog.API", "Services\Catalog\Catalog.API\Catalog.API.csproj", "{D3C77A91-2B64-46F2-96E7-C7E19820CE26}"
EndProject
Project("{2150E333-8FDC-42A3-9474-1A3956D46DE8}") = "BuildingBlocks", "BuildingBlocks", "{9F79D5B6-8C98-4965-9112-ADF90B866E0B}"
EndProject
Project("{FAE04EC0-301F-11D3-BF4B-00C04F79EFBC}") = "BuildingBlocks", "BuildingBlocks\BuildingBlocks\BuildingBlocks.csproj", "{4B3557FB-9A17-4C79-BE3A-4C6F07C1ADE2}"
EndProject
Project("{E53339B2-1760-4266-BCC7-CA923CBCF16C}") = "docker-compose", "docker-compose.dcproj", "{EA365A1A-09CE-4167-9F49-588A954F3CF6}"
EndProject
Project("{2150E333-8FDC-42A3-9474-1A3956D46DE8}") = "Basket", "Basket", "{60CF6530-30AD-401D-9DCD-351DE0CA8C80}"
EndProject
Project("{FAE04EC0-301F-11D3-BF4B-00C04F79EFBC}") = "Basket.API", "Services\Basket\Basket.API\Basket.API.csproj", "{B4AD1164-2D2A-4716-AC6B-9EC25C7890B3}"
EndProject
Project("{2150E333-8FDC-42A3-9474-1A3956D46DE8}") = "Discount", "Discount", "{BE2DC689-3532-4BC6-8EC2-3095388F4CD6}"
EndProject
Project("{FAE04EC0-301F-11D3-BF4B-00C04F79EFBC}") = "Discount.Grpc", "Services\Discount\Discount.Grpc\Discount.Grpc.csproj", "{16108018-8E84-4D8D-9379-7E9EECF57F24}"
EndProject
Project("{2150E333-8FDC-42A3-9474-1A3956D46DE8}") = "Ordering", "Ordering", "{AF430EBF-20D8-42B0-A73E-5EFE8C397E18}"
EndProject
Project("{FAE04EC0-301F-11D3-BF4B-00C04F79EFBC}") = "Ordering.API", "Services\Ordering\Ordering.API\Ordering.API.csproj", "{8852B6A7-EC5A-484F-AD18-E4EC7821E438}"
EndProject
Project("{FAE04EC0-301F-11D3-BF4B-00C04F79EFBC}") = "Ordering.Domain", "Services\Ordering\Ordering.Domain\Ordering.Domain.csproj", "{05C108E3-FD64-4C80-A16A-F22FDC315C33}"
EndProject
Project("{FAE04EC0-301F-11D3-BF4B-00C04F79EFBC}") = "Ordering.Application", "Services\Ordering\Ordering.Application\Ordering.Application.csproj", "{CEC6CBC2-A38D-44B6-98EF-E6F084AA40DE}"
EndProject
Project("{FAE04EC0-301F-11D3-BF4B-00C04F79EFBC}") = "Ordering.Infrastructure", "Services\Ordering\Ordering.Infrastructure\Ordering.Infrastructure.csproj", "{81E4F305-C36B-4FB4-8084-33291AF8AD8D}"
EndProject
Project("{FAE04EC0-301F-11D3-BF4B-00C04F79EFBC}") = "BuildingBlocks.Messaging", "BuildingBlocks\BuildingBlocks.Messaging\BuildingBlocks.Messaging.csproj", "{2947B32A-853A-4EE5-A2C7-56EE275AB38C}"
EndProject
Project("{2150E333-8FDC-42A3-9474-1A3956D46DE8}") = "ApiGateways", "ApiGateways", "{48948FA8-EC54-4D62-A394-F18F7C41DF95}"
EndProject
Project("{FAE04EC0-301F-11D3-BF4B-00C04F79EFBC}") = "YarpApiGateway", "ApiGateways\YarpApiGateway\YarpApiGateway.csproj", "{BE452C4F-77A0-46B8-8BA1-C9F2FCE2C1E8}"
EndProject
Global
	GlobalSection(SolutionConfigurationPlatforms) = preSolution
		Debug|Any CPU = Debug|Any CPU
		Release|Any CPU = Release|Any CPU
	EndGlobalSection
	GlobalSection(ProjectConfigurationPlatforms) = postSolution
		{D3C77A91-2B64-46F2-96E7-C7E19820CE26}.Debug|Any CPU.ActiveCfg = Debug|Any CPU
		{D3C77A91-2B64-46F2-96E7-C7E19820CE26}.Debug|Any CPU.Build.0 = Debug|Any CPU
		{D3C77A91-2B64-46F2-96E7-C7E19820CE26}.Release|Any CPU.ActiveCfg = Release|Any CPU
		{D3C77A91-2B64-46F2-96E7-C7E19820CE26}.Release|Any CPU.Build.0 = Release|Any CPU
		{4B3557FB-9A17-4C79-BE3A-4C6F07C1ADE2}.Debug|Any CPU.ActiveCfg = Debug|Any CPU
		{4B3557FB-9A17-4C79-BE3A-4C6F07C1ADE2}.Debug|Any CPU.Build.0 = Debug|Any CPU
		{4B3557FB-9A17-4C79-BE3A-4C6F07C1ADE2}.Release|Any CPU.ActiveCfg = Release|Any CPU
		{4B3557FB-9A17-4C79-BE3A-4C6F07C1ADE2}.Release|Any CPU.Build.0 = Release|Any CPU
		{EA365A1A-09CE-4167-9F49-588A954F3CF6}.Debug|Any CPU.ActiveCfg = Debug|Any CPU
		{EA365A1A-09CE-4167-9F49-588A954F3CF6}.Debug|Any CPU.Build.0 = Debug|Any CPU
		{EA365A1A-09CE-4167-9F49-588A954F3CF6}.Release|Any CPU.ActiveCfg = Release|Any CPU
		{EA365A1A-09CE-4167-9F49-588A954F3CF6}.Release|Any CPU.Build.0 = Release|Any CPU
		{B4AD1164-2D2A-4716-AC6B-9EC25C7890B3}.Debug|Any CPU.ActiveCfg = Debug|Any CPU
		{B4AD1164-2D2A-4716-AC6B-9EC25C7890B3}.Debug|Any CPU.Build.0 = Debug|Any CPU
		{B4AD1164-2D2A-4716-AC6B-9EC25C7890B3}.Release|Any CPU.ActiveCfg = Release|Any CPU
		{B4AD1164-2D2A-4716-AC6B-9EC25C7890B3}.Release|Any CPU.Build.0 = Release|Any CPU
		{16108018-8E84-4D8D-9379-7E9EECF57F24}.Debug|Any CPU.ActiveCfg = Debug|Any CPU
		{16108018-8E84-4D8D-9379-7E9EECF57F24}.Debug|Any CPU.Build.0 = Debug|Any CPU
		{16108018-8E84-4D8D-9379-7E9EECF57F24}.Release|Any CPU.ActiveCfg = Release|Any CPU
		{16108018-8E84-4D8D-9379-7E9EECF57F24}.Release|Any CPU.Build.0 = Release|Any CPU
		{8852B6A7-EC5A-484F-AD18-E4EC7821E438}.Debug|Any CPU.ActiveCfg = Debug|Any CPU
		{8852B6A7-EC5A-484F-AD18-E4EC7821E438}.Debug|Any CPU.Build.0 = Debug|Any CPU
		{8852B6A7-EC5A-484F-AD18-E4EC7821E438}.Release|Any CPU.ActiveCfg = Release|Any CPU
		{8852B6A7-EC5A-484F-AD18-E4EC7821E438}.Release|Any CPU.Build.0 = Release|Any CPU
		{05C108E3-FD64-4C80-A16A-F22FDC315C33}.Debug|Any CPU.ActiveCfg = Debug|Any CPU
		{05C108E3-FD64-4C80-A16A-F22FDC315C33}.Debug|Any CPU.Build.0 = Debug|Any CPU
		{05C108E3-FD64-4C80-A16A-F22FDC315C33}.Release|Any CPU.ActiveCfg = Release|Any CPU
		{05C108E3-FD64-4C80-A16A-F22FDC315C33}.Release|Any CPU.Build.0 = Release|Any CPU
		{CEC6CBC2-A38D-44B6-98EF-E6F084AA40DE}.Debug|Any CPU.ActiveCfg = Debug|Any CPU
		{CEC6CBC2-A38D-44B6-98EF-E6F084AA40DE}.Debug|Any CPU.Build.0 = Debug|Any CPU
		{CEC6CBC2-A38D-44B6-98EF-E6F084AA40DE}.Release|Any CPU.ActiveCfg = Release|Any CPU
		{CEC6CBC2-A38D-44B6-98EF-E6F084AA40DE}.Release|Any CPU.Build.0 = Release|Any CPU
		{81E4F305-C36B-4FB4-8084-33291AF8AD8D}.Debug|Any CPU.ActiveCfg = Debug|Any CPU
		{81E4F305-C36B-4FB4-8084-33291AF8AD8D}.Debug|Any CPU.Build.0 = Debug|Any CPU
		{81E4F305-C36B-4FB4-8084-33291AF8AD8D}.Release|Any CPU.ActiveCfg = Release|Any CPU
		{81E4F305-C36B-4FB4-8084-33291AF8AD8D}.Release|Any CPU.Build.0 = Release|Any CPU
		{2947B32A-853A-4EE5-A2C7-56EE275AB38C}.Debug|Any CPU.ActiveCfg = Debug|Any CPU
		{2947B32A-853A-4EE5-A2C7-56EE275AB38C}.Debug|Any CPU.Build.0 = Debug|Any CPU
		{2947B32A-853A-4EE5-A2C7-56EE275AB38C}.Release|Any CPU.ActiveCfg = Release|Any CPU
		{2947B32A-853A-4EE5-A2C7-56EE275AB38C}.Release|Any CPU.Build.0 = Release|Any CPU
		{BE452C4F-77A0-46B8-8BA1-C9F2FCE2C1E8}.Debug|Any CPU.ActiveCfg = Debug|Any CPU
		{BE452C4F-77A0-46B8-8BA1-C9F2FCE2C1E8}.Debug|Any CPU.Build.0 = Debug|Any CPU
		{BE452C4F-77A0-46B8-8BA1-C9F2FCE2C1E8}.Release|Any CPU.ActiveCfg = Release|Any CPU
		{BE452C4F-77A0-46B8-8BA1-C9F2FCE2C1E8}.Release|Any CPU.Build.0 = Release|Any CPU
	EndGlobalSection
	GlobalSection(SolutionProperties) = preSolution
		HideSolutionNode = FALSE
	EndGlobalSection
	GlobalSection(NestedProjects) = preSolution
		{B885BF4B-00D2-44D8-B078-38A5AB2882C5} = {316FB2CD-5C41-4808-94C9-60F420C115F8}
		{D3C77A91-2B64-46F2-96E7-C7E19820CE26} = {B885BF4B-00D2-44D8-B078-38A5AB2882C5}
		{4B3557FB-9A17-4C79-BE3A-4C6F07C1ADE2} = {9F79D5B6-8C98-4965-9112-ADF90B866E0B}
		{60CF6530-30AD-401D-9DCD-351DE0CA8C80} = {316FB2CD-5C41-4808-94C9-60F420C115F8}
		{B4AD1164-2D2A-4716-AC6B-9EC25C7890B3} = {60CF6530-30AD-401D-9DCD-351DE0CA8C80}
		{BE2DC689-3532-4BC6-8EC2-3095388F4CD6} = {316FB2CD-5C41-4808-94C9-60F420C115F8}
		{16108018-8E84-4D8D-9379-7E9EECF57F24} = {BE2DC689-3532-4BC6-8EC2-3095388F4CD6}
		{AF430EBF-20D8-42B0-A73E-5EFE8C397E18} = {316FB2CD-5C41-4808-94C9-60F420C115F8}
		{8852B6A7-EC5A-484F-AD18-E4EC7821E438} = {AF430EBF-20D8-42B0-A73E-5EFE8C397E18}
		{05C108E3-FD64-4C80-A16A-F22FDC315C33} = {AF430EBF-20D8-42B0-A73E-5EFE8C397E18}
		{CEC6CBC2-A38D-44B6-98EF-E6F084AA40DE} = {AF430EBF-20D8-42B0-A73E-5EFE8C397E18}
		{81E4F305-C36B-4FB4-8084-33291AF8AD8D} = {AF430EBF-20D8-42B0-A73E-5EFE8C397E18}
		{2947B32A-853A-4EE5-A2C7-56EE275AB38C} = {9F79D5B6-8C98-4965-9112-ADF90B866E0B}
		{BE452C4F-77A0-46B8-8BA1-C9F2FCE2C1E8} = {48948FA8-EC54-4D62-A394-F18F7C41DF95}
	EndGlobalSection
EndGlobal
